// !$*UTF8*$!
{
	archiveVersion = 1;
	classes = {
	};
	objectVersion = 48;
	objects = {

/* Begin PBXBuildFile section */
		8FCB6CBE203A8FEC0031BFBD /* AppDelegate.swift in Sources */ = {isa = PBXBuildFile; fileRef = 8FCB6CBD203A8FEC0031BFBD /* AppDelegate.swift */; };
		8FCB6CC0203A8FEC0031BFBD /* ViewController.swift in Sources */ = {isa = PBXBuildFile; fileRef = 8FCB6CBF203A8FEC0031BFBD /* ViewController.swift */; };
		8FCB6CC3203A8FEC0031BFBD /* Main.storyboard in Resources */ = {isa = PBXBuildFile; fileRef = 8FCB6CC1203A8FEC0031BFBD /* Main.storyboard */; };
		8FCB6CC6203A8FEC0031BFBD /* FoodVariant.xcdatamodeld in Sources */ = {isa = PBXBuildFile; fileRef = 8FCB6CC4203A8FEC0031BFBD /* FoodVariant.xcdatamodeld */; };
		8FCB6CC8203A8FEC0031BFBD /* Assets.xcassets in Resources */ = {isa = PBXBuildFile; fileRef = 8FCB6CC7203A8FEC0031BFBD /* Assets.xcassets */; };
		8FCB6CCB203A8FEC0031BFBD /* LaunchScreen.storyboard in Resources */ = {isa = PBXBuildFile; fileRef = 8FCB6CC9203A8FEC0031BFBD /* LaunchScreen.storyboard */; };
/* End PBXBuildFile section */

/* Begin PBXFileReference section */
		8FCB6CBA203A8FEC0031BFBD /* FoodVariant.app */ = {isa = PBXFileReference; explicitFileType = wrapper.application; includeInIndex = 0; path = FoodVariant.app; sourceTree = BUILT_PRODUCTS_DIR; };
		8FCB6CBD203A8FEC0031BFBD /* AppDelegate.swift */ = {isa = PBXFileReference; lastKnownFileType = sourcecode.swift; path = AppDelegate.swift; sourceTree = "<group>"; };
		8FCB6CBF203A8FEC0031BFBD /* ViewController.swift */ = {isa = PBXFileReference; lastKnownFileType = sourcecode.swift; path = ViewController.swift; sourceTree = "<group>"; };
		8FCB6CC2203A8FEC0031BFBD /* Base */ = {isa = PBXFileReference; lastKnownFileType = file.storyboard; name = Base; path = Base.lproj/Main.storyboard; sourceTree = "<group>"; };
		8FCB6CC5203A8FEC0031BFBD /* FoodVariant.xcdatamodel */ = {isa = PBXFileReference; lastKnownFileType = wrapper.xcdatamodel; path = FoodVariant.xcdatamodel; sourceTree = "<group>"; };
		8FCB6CC7203A8FEC0031BFBD /* Assets.xcassets */ = {isa = PBXFileReference; lastKnownFileType = folder.assetcatalog; path = Assets.xcassets; sourceTree = "<group>"; };
		8FCB6CCA203A8FEC0031BFBD /* Base */ = {isa = PBXFileReference; lastKnownFileType = file.storyboard; name = Base; path = Base.lproj/LaunchScreen.storyboard; sourceTree = "<group>"; };
		8FCB6CCC203A8FEC0031BFBD /* Info.plist */ = {isa = PBXFileReference; lastKnownFileType = text.plist.xml; path = Info.plist; sourceTree = "<group>"; };
/* End PBXFileReference section */

/* Begin PBXFrameworksBuildPhase section */
		8FCB6CB7203A8FEC0031BFBD /* Frameworks */ = {
			isa = PBXFrameworksBuildPhase;
			buildActionMask = 2147483647;
			files = (
			);
			runOnlyForDeploymentPostprocessing = 0;
		};
/* End PBXFrameworksBuildPhase section */

/* Begin PBXGroup section */
		8FCB6CB1203A8FEC0031BFBD = {
			isa = PBXGroup;
			children = (
				8FCB6CBC203A8FEC0031BFBD /* FoodVariant */,
				8FCB6CBB203A8FEC0031BFBD /* Products */,
			);
			sourceTree = "<group>";
		};
		8FCB6CBB203A8FEC0031BFBD /* Products */ = {
			isa = PBXGroup;
			children = (
				8FCB6CBA203A8FEC0031BFBD /* FoodVariant.app */,
			);
			name = Products;
			sourceTree = "<group>";
		};
		8FCB6CBC203A8FEC0031BFBD /* FoodVariant */ = {
			isa = PBXGroup;
			children = (
				8FCB6CBD203A8FEC0031BFBD /* AppDelegate.swift */,
				8FCB6CBF203A8FEC0031BFBD /* ViewController.swift */,
				8FCB6CC1203A8FEC0031BFBD /* Main.storyboard */,
				8FCB6CC7203A8FEC0031BFBD /* Assets.xcassets */,
				8FCB6CC9203A8FEC0031BFBD /* LaunchScreen.storyboard */,
				8FCB6CCC203A8FEC0031BFBD /* Info.plist */,
				8FCB6CC4203A8FEC0031BFBD /* FoodVariant.xcdatamodeld */,
			);
			path = FoodVariant;
			sourceTree = "<group>";
		};
/* End PBXGroup section */

/* Begin PBXNativeTarget section */
		8FCB6CB9203A8FEC0031BFBD /* FoodVariant */ = {
			isa = PBXNativeTarget;
			buildConfigurationList = 8FCB6CCF203A8FEC0031BFBD /* Build configuration list for PBXNativeTarget "FoodVariant" */;
			buildPhases = (
				8FCB6CB6203A8FEC0031BFBD /* Sources */,
				8FCB6CB7203A8FEC0031BFBD /* Frameworks */,
				8FCB6CB8203A8FEC0031BFBD /* Resources */,
			);
			buildRules = (
			);
			dependencies = (
			);
			name = FoodVariant;
			productName = FoodVariant;
			productReference = 8FCB6CBA203A8FEC0031BFBD /* FoodVariant.app */;
			productType = "com.apple.product-type.application";
		};
/* End PBXNativeTarget section */

/* Begin PBXProject section */
		8FCB6CB2203A8FEC0031BFBD /* Project object */ = {
			isa = PBXProject;
			attributes = {
				LastSwiftUpdateCheck = 0920;
				LastUpgradeCheck = 0920;
				ORGANIZATIONNAME = sudeep.r;
				TargetAttributes = {
					8FCB6CB9203A8FEC0031BFBD = {
						CreatedOnToolsVersion = 9.2;
						ProvisioningStyle = Automatic;
					};
				};
			};
			buildConfigurationList = 8FCB6CB5203A8FEC0031BFBD /* Build configuration list for PBXProject "FoodVariant" */;
			compatibilityVersion = "Xcode 8.0";
			developmentRegion = en;
			hasScannedForEncodings = 0;
			knownRegions = (
				en,
				Base,
			);
			mainGroup = 8FCB6CB1203A8FEC0031BFBD;
			productRefGroup = 8FCB6CBB203A8FEC0031BFBD /* Products */;
			projectDirPath = "";
			projectRoot = "";
			targets = (
				8FCB6CB9203A8FEC0031BFBD /* FoodVariant */,
			);
		};
/* End PBXProject section */

/* Begin PBXResourcesBuildPhase section */
		8FCB6CB8203A8FEC0031BFBD /* Resources */ = {
			isa = PBXResourcesBuildPhase;
			buildActionMask = 2147483647;
			files = (
				8FCB6CCB203A8FEC0031BFBD /* LaunchScreen.storyboard in Resources */,
				8FCB6CC8203A8FEC0031BFBD /* Assets.xcassets in Resources */,
				8FCB6CC3203A8FEC0031BFBD /* Main.storyboard in Resources */,
			);
			runOnlyForDeploymentPostprocessing = 0;
		};
/* End PBXResourcesBuildPhase section */

/* Begin PBXSourcesBuildPhase section */
		8FCB6CB6203A8FEC0031BFBD /* Sources */ = {
			isa = PBXSourcesBuildPhase;
			buildActionMask = 2147483647;
			files = (
				8FCB6CC6203A8FEC0031BFBD /* FoodVariant.xcdatamodeld in Sources */,
				8FCB6CC0203A8FEC0031BFBD /* ViewController.swift in Sources */,
				8FCB6CBE203A8FEC0031BFBD /* AppDelegate.swift in Sources */,
			);
			runOnlyForDeploymentPostprocessing = 0;
		};
/* End PBXSourcesBuildPhase section */

/* Begin PBXVariantGroup section */
		8FCB6CC1203A8FEC0031BFBD /* Main.storyboard */ = {
			isa = PBXVariantGroup;
			children = (
				8FCB6CC2203A8FEC0031BFBD /* Base */,
			);
			name = Main.storyboard;
			sourceTree = "<group>";
		};
		8FCB6CC9203A8FEC0031BFBD /* LaunchScreen.storyboard */ = {
			isa = PBXVariantGroup;
			children = (
				8FCB6CCA203A8FEC0031BFBD /* Base */,
			);
			name = LaunchScreen.storyboard;
			sourceTree = "<group>";
		};
/* End PBXVariantGroup section */

/* Begin XCBuildConfiguration section */
		8FCB6CCD203A8FEC0031BFBD /* Debug */ = {
			isa = XCBuildConfiguration;
			buildSettings = {
				ALWAYS_SEARCH_USER_PATHS = NO;
				CLANG_ANALYZER_NONNULL = YES;
				CLANG_ANALYZER_NUMBER_OBJECT_CONVERSION = YES_AGGRESSIVE;
				CLANG_CXX_LANGUAGE_STANDARD = "gnu++14";
				CLANG_CXX_LIBRARY = "libc++";
				CLANG_ENABLE_MODULES = YES;
				CLANG_ENABLE_OBJC_ARC = YES;
				CLANG_WARN_BLOCK_CAPTURE_AUTORELEASING = YES;
				CLANG_WARN_BOOL_CONVERSION = YES;
				CLANG_WARN_COMMA = YES;
				CLANG_WARN_CONSTANT_CONVERSION = YES;
				CLANG_WARN_DIRECT_OBJC_ISA_USAGE = YES_ERROR;
				CLANG_WARN_DOCUMENTATION_COMMENTS = YES;
				CLANG_WARN_EMPTY_BODY = YES;
				CLANG_WARN_ENUM_CONVERSION = YES;
				CLANG_WARN_INFINITE_RECURSION = YES;
				CLANG_WARN_INT_CONVERSION = YES;
				CLANG_WARN_NON_LITERAL_NULL_CONVERSION = YES;
				CLANG_WARN_OBJC_LITERAL_CONVERSION = YES;
				CLANG_WARN_OBJC_ROOT_CLASS = YES_ERROR;
				CLANG_WARN_RANGE_LOOP_ANALYSIS = YES;
				CLANG_WARN_STRICT_PROTOTYPES = YES;
				CLANG_WARN_SUSPICIOUS_MOVE = YES;
				CLANG_WARN_UNGUARDED_AVAILABILITY = YES_AGGRESSIVE;
				CLANG_WARN_UNREACHABLE_CODE = YES;
				CLANG_WARN__DUPLICATE_METHOD_MATCH = YES;
				CODE_SIGN_IDENTITY = "iPhone Developer";
				COPY_PHASE_STRIP = NO;
				DEBUG_INFORMATION_FORMAT = dwarf;
				ENABLE_STRICT_OBJC_MSGSEND = YES;
				ENABLE_TESTABILITY = YES;
				GCC_C_LANGUAGE_STANDARD = gnu11;
				GCC_DYNAMIC_NO_PIC = NO;
				GCC_NO_COMMON_BLOCKS = YES;
				GCC_OPTIMIZATION_LEVEL = 0;
				GCC_PREPROCESSOR_DEFINITIONS = (
					"DEBUG=1",
					"$(inherited)",
				);
				GCC_WARN_64_TO_32_BIT_CONVERSION = YES;
				GCC_WARN_ABOUT_RETURN_TYPE = YES_ERROR;
				GCC_WARN_UNDECLARED_SELECTOR = YES;
				GCC_WARN_UNINITIALIZED_AUTOS = YES_AGGRESSIVE;
				GCC_WARN_UNUSED_FUNCTION = YES;
				GCC_WARN_UNUSED_VARIABLE = YES;
				IPHONEOS_DEPLOYMENT_TARGET = 11.2;
				MTL_ENABLE_DEBUG_INFO = YES;
				ONLY_ACTIVE_ARCH = YES;
				SDKROOT = iphoneos;
				SWIFT_ACTIVE_COMPILATION_CONDITIONS = DEBUG;
				SWIFT_OPTIMIZATION_LEVEL = "-Onone";
			};
			name = Debug;
		};
		8FCB6CCE203A8FEC0031BFBD /* Release */ = {
			isa = XCBuildConfiguration;
			buildSettings = {
				ALWAYS_SEARCH_USER_PATHS = NO;
				CLANG_ANALYZER_NONNULL = YES;
				CLANG_ANALYZER_NUMBER_OBJECT_CONVERSION = YES_AGGRESSIVE;
				CLANG_CXX_LANGUAGE_STANDARD = "gnu++14";
				CLANG_CXX_LIBRARY = "libc++";
				CLANG_ENABLE_MODULES = YES;
				CLANG_ENABLE_OBJC_ARC = YES;
				CLANG_WARN_BLOCK_CAPTURE_AUTORELEASING = YES;
				CLANG_WARN_BOOL_CONVERSION = YES;
				CLANG_WARN_COMMA = YES;
				CLANG_WARN_CONSTANT_CONVERSION = YES;
				CLANG_WARN_DIRECT_OBJC_ISA_USAGE = YES_ERROR;
				CLANG_WARN_DOCUMENTATION_COMMENTS = YES;
				CLANG_WARN_EMPTY_BODY = YES;
				CLANG_WARN_ENUM_CONVERSION = YES;
				CLANG_WARN_INFINITE_RECURSION = YES;
				CLANG_WARN_INT_CONVERSION = YES;
				CLANG_WARN_NON_LITERAL_NULL_CONVERSION = YES;
				CLANG_WARN_OBJC_LITERAL_CONVERSION = YES;
				CLANG_WARN_OBJC_ROOT_CLASS = YES_ERROR;
				CLANG_WARN_RANGE_LOOP_ANALYSIS = YES;
				CLANG_WARN_STRICT_PROTOTYPES = YES;
				CLANG_WARN_SUSPICIOUS_MOVE = YES;
				CLANG_WARN_UNGUARDED_AVAILABILITY = YES_AGGRESSIVE;
				CLANG_WARN_UNREACHABLE_CODE = YES;
				CLANG_WARN__DUPLICATE_METHOD_MATCH = YES;
				CODE_SIGN_IDENTITY = "iPhone Developer";
				COPY_PHASE_STRIP = NO;
				DEBUG_INFORMATION_FORMAT = "dwarf-with-dsym";
				ENABLE_NS_ASSERTIONS = NO;
				ENABLE_STRICT_OBJC_MSGSEND = YES;
				GCC_C_LANGUAGE_STANDARD = gnu11;
				GCC_NO_COMMON_BLOCKS = YES;
				GCC_WARN_64_TO_32_BIT_CONVERSION = YES;
				GCC_WARN_ABOUT_RETURN_TYPE = YES_ERROR;
				GCC_WARN_UNDECLARED_SELECTOR = YES;
				GCC_WARN_UNINITIALIZED_AUTOS = YES_AGGRESSIVE;
				GCC_WARN_UNUSED_FUNCTION = YES;
				GCC_WARN_UNUSED_VARIABLE = YES;
				IPHONEOS_DEPLOYMENT_TARGET = 11.2;
				MTL_ENABLE_DEBUG_INFO = NO;
				SDKROOT = iphoneos;
				SWIFT_OPTIMIZATION_LEVEL = "-Owholemodule";
				VALIDATE_PRODUCT = YES;
			};
			name = Release;
		};
		8FCB6CD0203A8FEC0031BFBD /* Debug */ = {
			isa = XCBuildConfiguration;
			buildSettings = {
				ASSETCATALOG_COMPILER_APPICON_NAME = AppIcon;
				CODE_SIGN_STYLE = Automatic;
				DEVELOPMENT_TEAM = 29G9X9UTQX;
				INFOPLIST_FILE = FoodVariant/Info.plist;
				LD_RUNPATH_SEARCH_PATHS = "$(inherited) @executable_path/Frameworks";
				PRODUCT_BUNDLE_IDENTIFIER = urbanladder.FoodVariant;
				PRODUCT_NAME = "$(TARGET_NAME)";
				SWIFT_VERSION = 4.0;
				TARGETED_DEVICE_FAMILY = "1,2";
			};
			name = Debug;
		};
		8FCB6CD1203A8FEC0031BFBD /* Release */ = {
			isa = XCBuildConfiguration;
			buildSettings = {
				ASSETCATALOG_COMPILER_APPICON_NAME = AppIcon;
				CODE_SIGN_STYLE = Automatic;
				DEVELOPMENT_TEAM = 29G9X9UTQX;
				INFOPLIST_FILE = FoodVariant/Info.plist;
				LD_RUNPATH_SEARCH_PATHS = "$(inherited) @executable_path/Frameworks";
				PRODUCT_BUNDLE_IDENTIFIER = urbanladder.FoodVariant;
				PRODUCT_NAME = "$(TARGET_NAME)";
				SWIFT_VERSION = 4.0;
				TARGETED_DEVICE_FAMILY = "1,2";
			};
			name = Release;
		};
/* End XCBuildConfiguration section */

/* Begin XCConfigurationList section */
		8FCB6CB5203A8FEC0031BFBD /* Build configuration list for PBXProject "FoodVariant" */ = {
			isa = XCConfigurationList;
			buildConfigurations = (
				8FCB6CCD203A8FEC0031BFBD /* Debug */,
				8FCB6CCE203A8FEC0031BFBD /* Release */,
			);
			defaultConfigurationIsVisible = 0;
			defaultConfigurationName = Release;
		};
		8FCB6CCF203A8FEC0031BFBD /* Build configuration list for PBXNativeTarget "FoodVariant" */ = {
			isa = XCConfigurationList;
			buildConfigurations = (
				8FCB6CD0203A8FEC0031BFBD /* Debug */,
				8FCB6CD1203A8FEC0031BFBD /* Release */,
			);
			defaultConfigurationIsVisible = 0;
			defaultConfigurationName = Release;
		};
/* End XCConfigurationList section */

/* Begin XCVersionGroup section */
		8FCB6CC4203A8FEC0031BFBD /* FoodVariant.xcdatamodeld */ = {
			isa = XCVersionGroup;
			children = (
				8FCB6CC5203A8FEC0031BFBD /* FoodVariant.xcdatamodel */,
			);
			currentVersion = 8FCB6CC5203A8FEC0031BFBD /* FoodVariant.xcdatamodel */;
			path = FoodVariant.xcdatamodeld;
			sourceTree = "<group>";
			versionGroupType = wrapper.xcdatamodel;
		};
/* End XCVersionGroup section */
	};
	rootObject = 8FCB6CB2203A8FEC0031BFBD /* Project object */;
}
